// !$*UTF8*$!
{
	archiveVersion = 1;
	classes = {
	};
	objectVersion = 56;
	objects = {

/* Begin PBXBuildFile section */
		341CF71C293DFDAC001A230A /* UIViewController+Extension.swift in Sources */ = {isa = PBXBuildFile; fileRef = 341CF71B293DFDAC001A230A /* UIViewController+Extension.swift */; };
		341CF71E293E06AA001A230A /* String+Extension.swift in Sources */ = {isa = PBXBuildFile; fileRef = 341CF71D293E06AA001A230A /* String+Extension.swift */; };
		343B9D9D28D3A07C00956373 /* AppDelegate.swift in Sources */ = {isa = PBXBuildFile; fileRef = 343B9D9C28D3A07C00956373 /* AppDelegate.swift */; };
		343B9D9F28D3A07C00956373 /* SceneDelegate.swift in Sources */ = {isa = PBXBuildFile; fileRef = 343B9D9E28D3A07C00956373 /* SceneDelegate.swift */; };
		343B9DA128D3A07C00956373 /* LoginVC.swift in Sources */ = {isa = PBXBuildFile; fileRef = 343B9DA028D3A07C00956373 /* LoginVC.swift */; };
		343B9DA628D3A07E00956373 /* Assets.xcassets in Resources */ = {isa = PBXBuildFile; fileRef = 343B9DA528D3A07E00956373 /* Assets.xcassets */; };
		343B9DA928D3A07E00956373 /* LaunchScreen.storyboard in Resources */ = {isa = PBXBuildFile; fileRef = 343B9DA728D3A07E00956373 /* LaunchScreen.storyboard */; };
		343B9DB128D3A48A00956373 /* LoginScreen.swift in Sources */ = {isa = PBXBuildFile; fileRef = 343B9DB028D3A48A00956373 /* LoginScreen.swift */; };
		345E1C92293DF28B00C36B5B /* GoogleService-Info.plist in Resources */ = {isa = PBXBuildFile; fileRef = 345E1C91293DF28B00C36B5B /* GoogleService-Info.plist */; };
		345E1C95293DF35500C36B5B /* FirebaseAuth in Frameworks */ = {isa = PBXBuildFile; productRef = 345E1C94293DF35500C36B5B /* FirebaseAuth */; };
		345E1C97293DF35500C36B5B /* FirebaseCrashlytics in Frameworks */ = {isa = PBXBuildFile; productRef = 345E1C96293DF35500C36B5B /* FirebaseCrashlytics */; };
		3474B63E2951B32D00BC8BCD /* HomeScreen.swift in Sources */ = {isa = PBXBuildFile; fileRef = 3474B63D2951B32D00BC8BCD /* HomeScreen.swift */; };
		3474B6412951C26A00BC8BCD /* HomeViewModel.swift in Sources */ = {isa = PBXBuildFile; fileRef = 3474B6402951C26A00BC8BCD /* HomeViewModel.swift */; };
		3474B6452951C2E900BC8BCD /* HomeService.swift in Sources */ = {isa = PBXBuildFile; fileRef = 3474B6442951C2E900BC8BCD /* HomeService.swift */; };
		3474B6472951C33200BC8BCD /* GenericService.swift in Sources */ = {isa = PBXBuildFile; fileRef = 3474B6462951C33200BC8BCD /* GenericService.swift */; };
		3474B64A2951C49700BC8BCD /* HomeData.json in Resources */ = {isa = PBXBuildFile; fileRef = 3474B6492951C49700BC8BCD /* HomeData.json */; };
		3474B64D2951C55D00BC8BCD /* NFTData.swift in Sources */ = {isa = PBXBuildFile; fileRef = 3474B64C2951C55D00BC8BCD /* NFTData.swift */; };
		3474B6512952218700BC8BCD /* NftFilterCollectionViewCell.swift in Sources */ = {isa = PBXBuildFile; fileRef = 3474B6502952218700BC8BCD /* NftFilterCollectionViewCell.swift */; };
		3474B654295221CB00BC8BCD /* NftFilterCollectionViewCellScreen.swift in Sources */ = {isa = PBXBuildFile; fileRef = 3474B653295221CB00BC8BCD /* NftFilterCollectionViewCellScreen.swift */; };
		3474B6572952305900BC8BCD /* NftTableViewCell.swift in Sources */ = {isa = PBXBuildFile; fileRef = 3474B6562952305900BC8BCD /* NftTableViewCell.swift */; };
		3474B65A295230C600BC8BCD /* NftTableViewCellScreen.swift in Sources */ = {isa = PBXBuildFile; fileRef = 3474B659295230C600BC8BCD /* NftTableViewCellScreen.swift */; };
		3474B6872953329800BC8BCD /* NftDetailVC.swift in Sources */ = {isa = PBXBuildFile; fileRef = 3474B6862953329800BC8BCD /* NftDetailVC.swift */; };
		3474B68A295332B300BC8BCD /* NftDetailViewModel.swift in Sources */ = {isa = PBXBuildFile; fileRef = 3474B689295332B300BC8BCD /* NftDetailViewModel.swift */; };
		3474B68D295332F100BC8BCD /* NftDetailScreen.swift in Sources */ = {isa = PBXBuildFile; fileRef = 3474B68C295332F100BC8BCD /* NftDetailScreen.swift */; };
		3474B6902953391900BC8BCD /* NftImageTableViewCell.swift in Sources */ = {isa = PBXBuildFile; fileRef = 3474B68F2953391900BC8BCD /* NftImageTableViewCell.swift */; };
		3474B6932953399C00BC8BCD /* NftImageTableViewCellScreen.swift in Sources */ = {isa = PBXBuildFile; fileRef = 3474B6922953399C00BC8BCD /* NftImageTableViewCellScreen.swift */; };
		3474B6962953514200BC8BCD /* NftDescriptionTableViewCell.swift in Sources */ = {isa = PBXBuildFile; fileRef = 3474B6952953514200BC8BCD /* NftDescriptionTableViewCell.swift */; };
		3474B699295351AE00BC8BCD /* NftDescriptionTableViewCellScreen.swift in Sources */ = {isa = PBXBuildFile; fileRef = 3474B698295351AE00BC8BCD /* NftDescriptionTableViewCellScreen.swift */; };
		3474B69F29537C1100BC8BCD /* CACornerMask+Extension.swift in Sources */ = {isa = PBXBuildFile; fileRef = 3474B69B29537C1100BC8BCD /* CACornerMask+Extension.swift */; };
		3474B6A029537C1100BC8BCD /* UIView+Extension.swift in Sources */ = {isa = PBXBuildFile; fileRef = 3474B69C29537C1100BC8BCD /* UIView+Extension.swift */; };
		3474B6A529546C0E00BC8BCD /* LastestDealTableViewCell.swift in Sources */ = {isa = PBXBuildFile; fileRef = 3474B6A429546C0E00BC8BCD /* LastestDealTableViewCell.swift */; };
		3474B6A829546C2500BC8BCD /* LastestDealTableViewCellScreen.swift in Sources */ = {isa = PBXBuildFile; fileRef = 3474B6A729546C2500BC8BCD /* LastestDealTableViewCellScreen.swift */; };
		3474B6AB29546F0500BC8BCD /* LastestDealTableViewCellViewModel.swift in Sources */ = {isa = PBXBuildFile; fileRef = 3474B6AA29546F0500BC8BCD /* LastestDealTableViewCellViewModel.swift */; };
		3474B6AE29547B0500BC8BCD /* ListOffersTableViewCell.swift in Sources */ = {isa = PBXBuildFile; fileRef = 3474B6AD29547B0500BC8BCD /* ListOffersTableViewCell.swift */; };
		3474B6B129547B4D00BC8BCD /* ListOffersTableViewCellScreen.swift in Sources */ = {isa = PBXBuildFile; fileRef = 3474B6B029547B4D00BC8BCD /* ListOffersTableViewCellScreen.swift */; };
		34B7CC8429507F33004D9557 /* AlertController.swift in Sources */ = {isa = PBXBuildFile; fileRef = 34B7CC8329507F33004D9557 /* AlertController.swift */; };
		34B7CC8729508A5C004D9557 /* TabBarVC.swift in Sources */ = {isa = PBXBuildFile; fileRef = 34B7CC8629508A5C004D9557 /* TabBarVC.swift */; };
		34B7CC8B29508B03004D9557 /* HomeVC.swift in Sources */ = {isa = PBXBuildFile; fileRef = 34B7CC8A29508B03004D9557 /* HomeVC.swift */; };
		A2E67F48E651FD370ECB4804 /* Pods_AppBackFront.framework in Frameworks */ = {isa = PBXBuildFile; fileRef = 76D51E38ABC2FACE98370C60 /* Pods_AppBackFront.framework */; };
/* End PBXBuildFile section */

/* Begin PBXFileReference section */
		341CF71B293DFDAC001A230A /* UIViewController+Extension.swift */ = {isa = PBXFileReference; lastKnownFileType = sourcecode.swift; path = "UIViewController+Extension.swift"; sourceTree = "<group>"; };
		341CF71D293E06AA001A230A /* String+Extension.swift */ = {isa = PBXFileReference; lastKnownFileType = sourcecode.swift; path = "String+Extension.swift"; sourceTree = "<group>"; };
		343B9D9928D3A07C00956373 /* AppBackFront.app */ = {isa = PBXFileReference; explicitFileType = wrapper.application; includeInIndex = 0; path = AppBackFront.app; sourceTree = BUILT_PRODUCTS_DIR; };
		343B9D9C28D3A07C00956373 /* AppDelegate.swift */ = {isa = PBXFileReference; lastKnownFileType = sourcecode.swift; path = AppDelegate.swift; sourceTree = "<group>"; };
		343B9D9E28D3A07C00956373 /* SceneDelegate.swift */ = {isa = PBXFileReference; lastKnownFileType = sourcecode.swift; path = SceneDelegate.swift; sourceTree = "<group>"; };
		343B9DA028D3A07C00956373 /* LoginVC.swift */ = {isa = PBXFileReference; lastKnownFileType = sourcecode.swift; path = LoginVC.swift; sourceTree = "<group>"; };
		343B9DA528D3A07E00956373 /* Assets.xcassets */ = {isa = PBXFileReference; lastKnownFileType = folder.assetcatalog; path = Assets.xcassets; sourceTree = "<group>"; };
		343B9DA828D3A07E00956373 /* Base */ = {isa = PBXFileReference; lastKnownFileType = file.storyboard; name = Base; path = Base.lproj/LaunchScreen.storyboard; sourceTree = "<group>"; };
		343B9DAA28D3A07E00956373 /* Info.plist */ = {isa = PBXFileReference; lastKnownFileType = text.plist.xml; path = Info.plist; sourceTree = "<group>"; };
		343B9DB028D3A48A00956373 /* LoginScreen.swift */ = {isa = PBXFileReference; lastKnownFileType = sourcecode.swift; path = LoginScreen.swift; sourceTree = "<group>"; };
		345E1C91293DF28B00C36B5B /* GoogleService-Info.plist */ = {isa = PBXFileReference; fileEncoding = 4; lastKnownFileType = text.plist.xml; path = "GoogleService-Info.plist"; sourceTree = "<group>"; };
		3474B63D2951B32D00BC8BCD /* HomeScreen.swift */ = {isa = PBXFileReference; lastKnownFileType = sourcecode.swift; path = HomeScreen.swift; sourceTree = "<group>"; };
		3474B6402951C26A00BC8BCD /* HomeViewModel.swift */ = {isa = PBXFileReference; lastKnownFileType = sourcecode.swift; path = HomeViewModel.swift; sourceTree = "<group>"; };
		3474B6442951C2E900BC8BCD /* HomeService.swift */ = {isa = PBXFileReference; lastKnownFileType = sourcecode.swift; path = HomeService.swift; sourceTree = "<group>"; };
		3474B6462951C33200BC8BCD /* GenericService.swift */ = {isa = PBXFileReference; lastKnownFileType = sourcecode.swift; path = GenericService.swift; sourceTree = "<group>"; };
		3474B6492951C49700BC8BCD /* HomeData.json */ = {isa = PBXFileReference; fileEncoding = 4; lastKnownFileType = text.json; path = HomeData.json; sourceTree = "<group>"; };
		3474B64C2951C55D00BC8BCD /* NFTData.swift */ = {isa = PBXFileReference; lastKnownFileType = sourcecode.swift; path = NFTData.swift; sourceTree = "<group>"; };
		3474B6502952218700BC8BCD /* NftFilterCollectionViewCell.swift */ = {isa = PBXFileReference; lastKnownFileType = sourcecode.swift; path = NftFilterCollectionViewCell.swift; sourceTree = "<group>"; };
		3474B653295221CB00BC8BCD /* NftFilterCollectionViewCellScreen.swift */ = {isa = PBXFileReference; lastKnownFileType = sourcecode.swift; path = NftFilterCollectionViewCellScreen.swift; sourceTree = "<group>"; };
		3474B6562952305900BC8BCD /* NftTableViewCell.swift */ = {isa = PBXFileReference; lastKnownFileType = sourcecode.swift; path = NftTableViewCell.swift; sourceTree = "<group>"; };
		3474B659295230C600BC8BCD /* NftTableViewCellScreen.swift */ = {isa = PBXFileReference; lastKnownFileType = sourcecode.swift; path = NftTableViewCellScreen.swift; sourceTree = "<group>"; };
		3474B6862953329800BC8BCD /* NftDetailVC.swift */ = {isa = PBXFileReference; lastKnownFileType = sourcecode.swift; path = NftDetailVC.swift; sourceTree = "<group>"; };
		3474B689295332B300BC8BCD /* NftDetailViewModel.swift */ = {isa = PBXFileReference; lastKnownFileType = sourcecode.swift; path = NftDetailViewModel.swift; sourceTree = "<group>"; };
		3474B68C295332F100BC8BCD /* NftDetailScreen.swift */ = {isa = PBXFileReference; lastKnownFileType = sourcecode.swift; path = NftDetailScreen.swift; sourceTree = "<group>"; };
		3474B68F2953391900BC8BCD /* NftImageTableViewCell.swift */ = {isa = PBXFileReference; lastKnownFileType = sourcecode.swift; path = NftImageTableViewCell.swift; sourceTree = "<group>"; };
		3474B6922953399C00BC8BCD /* NftImageTableViewCellScreen.swift */ = {isa = PBXFileReference; lastKnownFileType = sourcecode.swift; path = NftImageTableViewCellScreen.swift; sourceTree = "<group>"; };
		3474B6952953514200BC8BCD /* NftDescriptionTableViewCell.swift */ = {isa = PBXFileReference; lastKnownFileType = sourcecode.swift; path = NftDescriptionTableViewCell.swift; sourceTree = "<group>"; };
		3474B698295351AE00BC8BCD /* NftDescriptionTableViewCellScreen.swift */ = {isa = PBXFileReference; lastKnownFileType = sourcecode.swift; path = NftDescriptionTableViewCellScreen.swift; sourceTree = "<group>"; };
		3474B69B29537C1100BC8BCD /* CACornerMask+Extension.swift */ = {isa = PBXFileReference; fileEncoding = 4; lastKnownFileType = sourcecode.swift; path = "CACornerMask+Extension.swift"; sourceTree = "<group>"; };
		3474B69C29537C1100BC8BCD /* UIView+Extension.swift */ = {isa = PBXFileReference; fileEncoding = 4; lastKnownFileType = sourcecode.swift; path = "UIView+Extension.swift"; sourceTree = "<group>"; };
		3474B6A429546C0E00BC8BCD /* LastestDealTableViewCell.swift */ = {isa = PBXFileReference; lastKnownFileType = sourcecode.swift; path = LastestDealTableViewCell.swift; sourceTree = "<group>"; };
		3474B6A729546C2500BC8BCD /* LastestDealTableViewCellScreen.swift */ = {isa = PBXFileReference; lastKnownFileType = sourcecode.swift; path = LastestDealTableViewCellScreen.swift; sourceTree = "<group>"; };
		3474B6AA29546F0500BC8BCD /* LastestDealTableViewCellViewModel.swift */ = {isa = PBXFileReference; lastKnownFileType = sourcecode.swift; path = LastestDealTableViewCellViewModel.swift; sourceTree = "<group>"; };
		3474B6AD29547B0500BC8BCD /* ListOffersTableViewCell.swift */ = {isa = PBXFileReference; lastKnownFileType = sourcecode.swift; path = ListOffersTableViewCell.swift; sourceTree = "<group>"; };
		3474B6B029547B4D00BC8BCD /* ListOffersTableViewCellScreen.swift */ = {isa = PBXFileReference; lastKnownFileType = sourcecode.swift; path = ListOffersTableViewCellScreen.swift; sourceTree = "<group>"; };
		34B7CC8329507F33004D9557 /* AlertController.swift */ = {isa = PBXFileReference; lastKnownFileType = sourcecode.swift; path = AlertController.swift; sourceTree = "<group>"; };
		34B7CC8629508A5C004D9557 /* TabBarVC.swift */ = {isa = PBXFileReference; lastKnownFileType = sourcecode.swift; path = TabBarVC.swift; sourceTree = "<group>"; };
		34B7CC8A29508B03004D9557 /* HomeVC.swift */ = {isa = PBXFileReference; lastKnownFileType = sourcecode.swift; path = HomeVC.swift; sourceTree = "<group>"; };
		76D51E38ABC2FACE98370C60 /* Pods_AppBackFront.framework */ = {isa = PBXFileReference; explicitFileType = wrapper.framework; includeInIndex = 0; path = Pods_AppBackFront.framework; sourceTree = BUILT_PRODUCTS_DIR; };
		ACF3C392936C47A98CD0C4CA /* Pods-AppBackFront.debug.xcconfig */ = {isa = PBXFileReference; includeInIndex = 1; lastKnownFileType = text.xcconfig; name = "Pods-AppBackFront.debug.xcconfig"; path = "Target Support Files/Pods-AppBackFront/Pods-AppBackFront.debug.xcconfig"; sourceTree = "<group>"; };
		B8FA7F8B3D833E91C47D040C /* Pods-AppBackFront.release.xcconfig */ = {isa = PBXFileReference; includeInIndex = 1; lastKnownFileType = text.xcconfig; name = "Pods-AppBackFront.release.xcconfig"; path = "Target Support Files/Pods-AppBackFront/Pods-AppBackFront.release.xcconfig"; sourceTree = "<group>"; };
/* End PBXFileReference section */

/* Begin PBXFrameworksBuildPhase section */
		343B9D9628D3A07C00956373 /* Frameworks */ = {
			isa = PBXFrameworksBuildPhase;
			buildActionMask = 2147483647;
			files = (
				345E1C95293DF35500C36B5B /* FirebaseAuth in Frameworks */,
				345E1C97293DF35500C36B5B /* FirebaseCrashlytics in Frameworks */,
				A2E67F48E651FD370ECB4804 /* Pods_AppBackFront.framework in Frameworks */,
			);
			runOnlyForDeploymentPostprocessing = 0;
		};
/* End PBXFrameworksBuildPhase section */

/* Begin PBXGroup section */
		341CF719293DFD5A001A230A /* Utils */ = {
			isa = PBXGroup;
			children = (
				341CF71A293DFD63001A230A /* Extension */,
			);
			path = Utils;
			sourceTree = "<group>";
		};
		341CF71A293DFD63001A230A /* Extension */ = {
			isa = PBXGroup;
			children = (
				3474B69B29537C1100BC8BCD /* CACornerMask+Extension.swift */,
				3474B69C29537C1100BC8BCD /* UIView+Extension.swift */,
				341CF71B293DFDAC001A230A /* UIViewController+Extension.swift */,
				341CF71D293E06AA001A230A /* String+Extension.swift */,
			);
			path = Extension;
			sourceTree = "<group>";
		};
		343B9D9028D3A07C00956373 = {
			isa = PBXGroup;
			children = (
				343B9D9B28D3A07C00956373 /* AppBackFront */,
				343B9D9A28D3A07C00956373 /* Products */,
				84EBA4D19E57FD8D9D560708 /* Pods */,
				E4F0144F0165BC9A776CB588 /* Frameworks */,
			);
			sourceTree = "<group>";
		};
		343B9D9A28D3A07C00956373 /* Products */ = {
			isa = PBXGroup;
			children = (
				343B9D9928D3A07C00956373 /* AppBackFront.app */,
			);
			name = Products;
			sourceTree = "<group>";
		};
		343B9D9B28D3A07C00956373 /* AppBackFront */ = {
			isa = PBXGroup;
			children = (
				3474B64B2951C54A00BC8BCD /* Model */,
				3474B6482951C48900BC8BCD /* Json */,
				3474B6422951C2B600BC8BCD /* Service */,
				34B7CC8829508A9C004D9557 /* Feature */,
				34B7CC8529508A35004D9557 /* TabBarController */,
				34B7CC8229507F1A004D9557 /* Alert */,
				3474B69A29537C1100BC8BCD /* Extension */,
				341CF719293DFD5A001A230A /* Utils */,
				343B9D9C28D3A07C00956373 /* AppDelegate.swift */,
				343B9D9E28D3A07C00956373 /* SceneDelegate.swift */,
				343B9DA528D3A07E00956373 /* Assets.xcassets */,
				343B9DA728D3A07E00956373 /* LaunchScreen.storyboard */,
				345E1C91293DF28B00C36B5B /* GoogleService-Info.plist */,
				343B9DAA28D3A07E00956373 /* Info.plist */,
			);
			path = AppBackFront;
			sourceTree = "<group>";
		};
		345E1C8F293DF01500C36B5B /* Login */ = {
			isa = PBXGroup;
			children = (
				345E1C90293DF01E00C36B5B /* Screen */,
				343B9DA028D3A07C00956373 /* LoginVC.swift */,
			);
			path = Login;
			sourceTree = "<group>";
		};
		345E1C90293DF01E00C36B5B /* Screen */ = {
			isa = PBXGroup;
			children = (
				343B9DB028D3A48A00956373 /* LoginScreen.swift */,
			);
			path = Screen;
			sourceTree = "<group>";
		};
		3474B63F2951C23600BC8BCD /* ViewModel */ = {
			isa = PBXGroup;
			children = (
				3474B6402951C26A00BC8BCD /* HomeViewModel.swift */,
			);
			path = ViewModel;
			sourceTree = "<group>";
		};
		3474B6422951C2B600BC8BCD /* Service */ = {
			isa = PBXGroup;
			children = (
				3474B6432951C2D700BC8BCD /* HomeService */,
				3474B6462951C33200BC8BCD /* GenericService.swift */,
			);
			name = Service;
			sourceTree = "<group>";
		};
		3474B6432951C2D700BC8BCD /* HomeService */ = {
			isa = PBXGroup;
			children = (
				3474B6442951C2E900BC8BCD /* HomeService.swift */,
			);
			name = HomeService;
			sourceTree = "<group>";
		};
		3474B6482951C48900BC8BCD /* Json */ = {
			isa = PBXGroup;
			children = (
				3474B6492951C49700BC8BCD /* HomeData.json */,
			);
			path = Json;
			sourceTree = "<group>";
		};
		3474B64B2951C54A00BC8BCD /* Model */ = {
			isa = PBXGroup;
			children = (
				3474B64C2951C55D00BC8BCD /* NFTData.swift */,
			);
			path = Model;
			sourceTree = "<group>";
		};
		3474B64E2952213F00BC8BCD /* Cells */ = {
			isa = PBXGroup;
			children = (
				3474B6AC29547ADB00BC8BCD /* ListOffersTableViewCell */,
				3474B6A329546BC900BC8BCD /* LastestDealTableViewCell */,
				3474B6942953511D00BC8BCD /* NftDescriptionTableViewCell */,
				3474B68E295338F700BC8BCD /* NftImageTableViewCell */,
				3474B6552952302300BC8BCD /* NftTableViewCell */,
				3474B64F2952214700BC8BCD /* NftFilterCollectionViewCell */,
			);
			path = Cells;
			sourceTree = "<group>";
		};
		3474B64F2952214700BC8BCD /* NftFilterCollectionViewCell */ = {
			isa = PBXGroup;
			children = (
				3474B652295221B700BC8BCD /* Screen */,
				3474B6502952218700BC8BCD /* NftFilterCollectionViewCell.swift */,
			);
			path = NftFilterCollectionViewCell;
			sourceTree = "<group>";
		};
		3474B652295221B700BC8BCD /* Screen */ = {
			isa = PBXGroup;
			children = (
				3474B653295221CB00BC8BCD /* NftFilterCollectionViewCellScreen.swift */,
			);
			path = Screen;
			sourceTree = "<group>";
		};
		3474B6552952302300BC8BCD /* NftTableViewCell */ = {
			isa = PBXGroup;
			children = (
				3474B658295230B000BC8BCD /* Screen */,
				3474B6562952305900BC8BCD /* NftTableViewCell.swift */,
			);
			path = NftTableViewCell;
			sourceTree = "<group>";
		};
		3474B658295230B000BC8BCD /* Screen */ = {
			isa = PBXGroup;
			children = (
				3474B659295230C600BC8BCD /* NftTableViewCellScreen.swift */,
			);
			path = Screen;
			sourceTree = "<group>";
		};
		3474B6852953327A00BC8BCD /* NftDetail */ = {
			isa = PBXGroup;
			children = (
				3474B68B295332B700BC8BCD /* Screen */,
				3474B688295332A200BC8BCD /* ViewModel */,
				3474B6862953329800BC8BCD /* NftDetailVC.swift */,
			);
			path = NftDetail;
			sourceTree = "<group>";
		};
		3474B688295332A200BC8BCD /* ViewModel */ = {
			isa = PBXGroup;
			children = (
				3474B689295332B300BC8BCD /* NftDetailViewModel.swift */,
			);
			path = ViewModel;
			sourceTree = "<group>";
		};
		3474B68B295332B700BC8BCD /* Screen */ = {
			isa = PBXGroup;
			children = (
				3474B68C295332F100BC8BCD /* NftDetailScreen.swift */,
			);
			path = Screen;
			sourceTree = "<group>";
		};
		3474B68E295338F700BC8BCD /* NftImageTableViewCell */ = {
			isa = PBXGroup;
			children = (
				3474B6912953398900BC8BCD /* Screen */,
				3474B68F2953391900BC8BCD /* NftImageTableViewCell.swift */,
			);
			path = NftImageTableViewCell;
			sourceTree = "<group>";
		};
		3474B6912953398900BC8BCD /* Screen */ = {
			isa = PBXGroup;
			children = (
				3474B6922953399C00BC8BCD /* NftImageTableViewCellScreen.swift */,
			);
			path = Screen;
			sourceTree = "<group>";
		};
		3474B6942953511D00BC8BCD /* NftDescriptionTableViewCell */ = {
			isa = PBXGroup;
			children = (
				3474B6972953519C00BC8BCD /* Screen */,
				3474B6952953514200BC8BCD /* NftDescriptionTableViewCell.swift */,
			);
			path = NftDescriptionTableViewCell;
			sourceTree = "<group>";
		};
		3474B6972953519C00BC8BCD /* Screen */ = {
			isa = PBXGroup;
			children = (
				3474B698295351AE00BC8BCD /* NftDescriptionTableViewCellScreen.swift */,
			);
			path = Screen;
			sourceTree = "<group>";
		};
		3474B69A29537C1100BC8BCD /* Extension */ = {
			isa = PBXGroup;
			children = (
			);
			path = Extension;
			sourceTree = "<group>";
		};
		3474B6A329546BC900BC8BCD /* LastestDealTableViewCell */ = {
			isa = PBXGroup;
			children = (
				3474B6A929546EE800BC8BCD /* LastestDealTableViewCellViewModel */,
				3474B6A629546C1500BC8BCD /* Screen */,
				3474B6A429546C0E00BC8BCD /* LastestDealTableViewCell.swift */,
			);
			path = LastestDealTableViewCell;
			sourceTree = "<group>";
		};
		3474B6A629546C1500BC8BCD /* Screen */ = {
			isa = PBXGroup;
			children = (
				3474B6A729546C2500BC8BCD /* LastestDealTableViewCellScreen.swift */,
			);
			path = Screen;
			sourceTree = "<group>";
		};
		3474B6A929546EE800BC8BCD /* LastestDealTableViewCellViewModel */ = {
			isa = PBXGroup;
			children = (
				3474B6AA29546F0500BC8BCD /* LastestDealTableViewCellViewModel.swift */,
			);
			path = LastestDealTableViewCellViewModel;
			sourceTree = "<group>";
		};
		3474B6AC29547ADB00BC8BCD /* ListOffersTableViewCell */ = {
			isa = PBXGroup;
			children = (
				3474B6AF29547B3800BC8BCD /* Screen */,
				3474B6AD29547B0500BC8BCD /* ListOffersTableViewCell.swift */,
			);
			path = ListOffersTableViewCell;
			sourceTree = "<group>";
		};
		3474B6AF29547B3800BC8BCD /* Screen */ = {
			isa = PBXGroup;
			children = (
				3474B6B029547B4D00BC8BCD /* ListOffersTableViewCellScreen.swift */,
			);
			path = Screen;
			sourceTree = "<group>";
		};
		34B7CC8229507F1A004D9557 /* Alert */ = {
			isa = PBXGroup;
			children = (
				34B7CC8329507F33004D9557 /* AlertController.swift */,
			);
			path = Alert;
			sourceTree = "<group>";
		};
		34B7CC8529508A35004D9557 /* TabBarController */ = {
			isa = PBXGroup;
			children = (
				34B7CC8629508A5C004D9557 /* TabBarVC.swift */,
			);
			path = TabBarController;
			sourceTree = "<group>";
		};
		34B7CC8829508A9C004D9557 /* Feature */ = {
			isa = PBXGroup;
			children = (
				3474B6852953327A00BC8BCD /* NftDetail */,
				3474B64E2952213F00BC8BCD /* Cells */,
				34B7CC8929508AC2004D9557 /* Home */,
				345E1C8F293DF01500C36B5B /* Login */,
			);
			path = Feature;
			sourceTree = "<group>";
		};
		34B7CC8929508AC2004D9557 /* Home */ = {
			isa = PBXGroup;
			children = (
				3474B63F2951C23600BC8BCD /* ViewModel */,
				34B7CC8C2951B24F004D9557 /* Screen */,
				34B7CC8A29508B03004D9557 /* HomeVC.swift */,
			);
			path = Home;
			sourceTree = "<group>";
		};
		34B7CC8C2951B24F004D9557 /* Screen */ = {
			isa = PBXGroup;
			children = (
				3474B63D2951B32D00BC8BCD /* HomeScreen.swift */,
			);
			path = Screen;
			sourceTree = "<group>";
		};
		84EBA4D19E57FD8D9D560708 /* Pods */ = {
			isa = PBXGroup;
			children = (
				ACF3C392936C47A98CD0C4CA /* Pods-AppBackFront.debug.xcconfig */,
				B8FA7F8B3D833E91C47D040C /* Pods-AppBackFront.release.xcconfig */,
			);
			path = Pods;
			sourceTree = "<group>";
		};
		E4F0144F0165BC9A776CB588 /* Frameworks */ = {
			isa = PBXGroup;
			children = (
				76D51E38ABC2FACE98370C60 /* Pods_AppBackFront.framework */,
			);
			name = Frameworks;
			sourceTree = "<group>";
		};
/* End PBXGroup section */

/* Begin PBXNativeTarget section */
		343B9D9828D3A07C00956373 /* AppBackFront */ = {
			isa = PBXNativeTarget;
			buildConfigurationList = 343B9DAD28D3A07E00956373 /* Build configuration list for PBXNativeTarget "AppBackFront" */;
			buildPhases = (
				FDF62B02DC9824B7BE711E2A /* [CP] Check Pods Manifest.lock */,
				343B9D9528D3A07C00956373 /* Sources */,
				343B9D9628D3A07C00956373 /* Frameworks */,
				343B9D9728D3A07C00956373 /* Resources */,
				B1B39150BB45771B790BBEF2 /* [CP] Embed Pods Frameworks */,
			);
			buildRules = (
			);
			dependencies = (
			);
			name = AppBackFront;
			packageProductDependencies = (
				345E1C94293DF35500C36B5B /* FirebaseAuth */,
				345E1C96293DF35500C36B5B /* FirebaseCrashlytics */,
			);
			productName = AppBackFront;
			productReference = 343B9D9928D3A07C00956373 /* AppBackFront.app */;
			productType = "com.apple.product-type.application";
		};
/* End PBXNativeTarget section */

/* Begin PBXProject section */
		343B9D9128D3A07C00956373 /* Project object */ = {
			isa = PBXProject;
			attributes = {
				BuildIndependentTargetsInParallel = 1;
				LastSwiftUpdateCheck = 1400;
				LastUpgradeCheck = 1400;
				TargetAttributes = {
					343B9D9828D3A07C00956373 = {
						CreatedOnToolsVersion = 14.0;
					};
				};
			};
			buildConfigurationList = 343B9D9428D3A07C00956373 /* Build configuration list for PBXProject "AppBackFront" */;
			compatibilityVersion = "Xcode 14.0";
			developmentRegion = en;
			hasScannedForEncodings = 0;
			knownRegions = (
				en,
				Base,
			);
			mainGroup = 343B9D9028D3A07C00956373;
			packageReferences = (
				345E1C93293DF35500C36B5B /* XCRemoteSwiftPackageReference "firebase-ios-sdk" */,
			);
			productRefGroup = 343B9D9A28D3A07C00956373 /* Products */;
			projectDirPath = "";
			projectRoot = "";
			targets = (
				343B9D9828D3A07C00956373 /* AppBackFront */,
			);
		};
/* End PBXProject section */

/* Begin PBXResourcesBuildPhase section */
		343B9D9728D3A07C00956373 /* Resources */ = {
			isa = PBXResourcesBuildPhase;
			buildActionMask = 2147483647;
			files = (
				3474B64A2951C49700BC8BCD /* HomeData.json in Resources */,
				343B9DA928D3A07E00956373 /* LaunchScreen.storyboard in Resources */,
				345E1C92293DF28B00C36B5B /* GoogleService-Info.plist in Resources */,
				343B9DA628D3A07E00956373 /* Assets.xcassets in Resources */,
			);
			runOnlyForDeploymentPostprocessing = 0;
		};
/* End PBXResourcesBuildPhase section */

/* Begin PBXShellScriptBuildPhase section */
		B1B39150BB45771B790BBEF2 /* [CP] Embed Pods Frameworks */ = {
			isa = PBXShellScriptBuildPhase;
			buildActionMask = 2147483647;
			files = (
			);
			inputFileListPaths = (
				"${PODS_ROOT}/Target Support Files/Pods-AppBackFront/Pods-AppBackFront-frameworks-${CONFIGURATION}-input-files.xcfilelist",
			);
			name = "[CP] Embed Pods Frameworks";
			outputFileListPaths = (
				"${PODS_ROOT}/Target Support Files/Pods-AppBackFront/Pods-AppBackFront-frameworks-${CONFIGURATION}-output-files.xcfilelist",
			);
			runOnlyForDeploymentPostprocessing = 0;
			shellPath = /bin/sh;
			shellScript = "\"${PODS_ROOT}/Target Support Files/Pods-AppBackFront/Pods-AppBackFront-frameworks.sh\"\n";
			showEnvVarsInLog = 0;
		};
		FDF62B02DC9824B7BE711E2A /* [CP] Check Pods Manifest.lock */ = {
			isa = PBXShellScriptBuildPhase;
			buildActionMask = 2147483647;
			files = (
			);
			inputFileListPaths = (
			);
			inputPaths = (
				"${PODS_PODFILE_DIR_PATH}/Podfile.lock",
				"${PODS_ROOT}/Manifest.lock",
			);
			name = "[CP] Check Pods Manifest.lock";
			outputFileListPaths = (
			);
			outputPaths = (
				"$(DERIVED_FILE_DIR)/Pods-AppBackFront-checkManifestLockResult.txt",
			);
			runOnlyForDeploymentPostprocessing = 0;
			shellPath = /bin/sh;
			shellScript = "diff \"${PODS_PODFILE_DIR_PATH}/Podfile.lock\" \"${PODS_ROOT}/Manifest.lock\" > /dev/null\nif [ $? != 0 ] ; then\n    # print error to STDERR\n    echo \"error: The sandbox is not in sync with the Podfile.lock. Run 'pod install' or update your CocoaPods installation.\" >&2\n    exit 1\nfi\n# This output is used by Xcode 'outputs' to avoid re-running this script phase.\necho \"SUCCESS\" > \"${SCRIPT_OUTPUT_FILE_0}\"\n";
			showEnvVarsInLog = 0;
		};
/* End PBXShellScriptBuildPhase section */

/* Begin PBXSourcesBuildPhase section */
		343B9D9528D3A07C00956373 /* Sources */ = {
			isa = PBXSourcesBuildPhase;
			buildActionMask = 2147483647;
			files = (
				3474B69F29537C1100BC8BCD /* CACornerMask+Extension.swift in Sources */,
				3474B6AB29546F0500BC8BCD /* LastestDealTableViewCellViewModel.swift in Sources */,
				343B9DA128D3A07C00956373 /* LoginVC.swift in Sources */,
				3474B6932953399C00BC8BCD /* NftImageTableViewCellScreen.swift in Sources */,
				3474B6412951C26A00BC8BCD /* HomeViewModel.swift in Sources */,
				343B9DB128D3A48A00956373 /* LoginScreen.swift in Sources */,
				343B9D9D28D3A07C00956373 /* AppDelegate.swift in Sources */,
				34B7CC8B29508B03004D9557 /* HomeVC.swift in Sources */,
				341CF71C293DFDAC001A230A /* UIViewController+Extension.swift in Sources */,
				3474B6AE29547B0500BC8BCD /* ListOffersTableViewCell.swift in Sources */,
				3474B6512952218700BC8BCD /* NftFilterCollectionViewCell.swift in Sources */,
				3474B699295351AE00BC8BCD /* NftDescriptionTableViewCellScreen.swift in Sources */,
				3474B6A529546C0E00BC8BCD /* LastestDealTableViewCell.swift in Sources */,
				3474B654295221CB00BC8BCD /* NftFilterCollectionViewCellScreen.swift in Sources */,
				3474B6472951C33200BC8BCD /* GenericService.swift in Sources */,
				3474B6A029537C1100BC8BCD /* UIView+Extension.swift in Sources */,
				3474B6452951C2E900BC8BCD /* HomeService.swift in Sources */,
				34B7CC8429507F33004D9557 /* AlertController.swift in Sources */,
				3474B6B129547B4D00BC8BCD /* ListOffersTableViewCellScreen.swift in Sources */,
				3474B63E2951B32D00BC8BCD /* HomeScreen.swift in Sources */,
				3474B6A829546C2500BC8BCD /* LastestDealTableViewCellScreen.swift in Sources */,
				3474B6902953391900BC8BCD /* NftImageTableViewCell.swift in Sources */,
				3474B64D2951C55D00BC8BCD /* NFTData.swift in Sources */,
				341CF71E293E06AA001A230A /* String+Extension.swift in Sources */,
				3474B68A295332B300BC8BCD /* NftDetailViewModel.swift in Sources */,
				3474B6962953514200BC8BCD /* NftDescriptionTableViewCell.swift in Sources */,
				3474B6872953329800BC8BCD /* NftDetailVC.swift in Sources */,
				34B7CC8729508A5C004D9557 /* TabBarVC.swift in Sources */,
				343B9D9F28D3A07C00956373 /* SceneDelegate.swift in Sources */,
				3474B65A295230C600BC8BCD /* NftTableViewCellScreen.swift in Sources */,
				3474B6572952305900BC8BCD /* NftTableViewCell.swift in Sources */,
				3474B68D295332F100BC8BCD /* NftDetailScreen.swift in Sources */,
			);
			runOnlyForDeploymentPostprocessing = 0;
		};
/* End PBXSourcesBuildPhase section */

/* Begin PBXVariantGroup section */
		343B9DA728D3A07E00956373 /* LaunchScreen.storyboard */ = {
			isa = PBXVariantGroup;
			children = (
				343B9DA828D3A07E00956373 /* Base */,
			);
			name = LaunchScreen.storyboard;
			sourceTree = "<group>";
		};
/* End PBXVariantGroup section */

/* Begin XCBuildConfiguration section */
		343B9DAB28D3A07E00956373 /* Debug */ = {
			isa = XCBuildConfiguration;
			buildSettings = {
				ALWAYS_SEARCH_USER_PATHS = NO;
				CLANG_ANALYZER_NONNULL = YES;
				CLANG_ANALYZER_NUMBER_OBJECT_CONVERSION = YES_AGGRESSIVE;
				CLANG_CXX_LANGUAGE_STANDARD = "gnu++20";
				CLANG_ENABLE_MODULES = YES;
				CLANG_ENABLE_OBJC_ARC = YES;
				CLANG_ENABLE_OBJC_WEAK = YES;
				CLANG_WARN_BLOCK_CAPTURE_AUTORELEASING = YES;
				CLANG_WARN_BOOL_CONVERSION = YES;
				CLANG_WARN_COMMA = YES;
				CLANG_WARN_CONSTANT_CONVERSION = YES;
				CLANG_WARN_DEPRECATED_OBJC_IMPLEMENTATIONS = YES;
				CLANG_WARN_DIRECT_OBJC_ISA_USAGE = YES_ERROR;
				CLANG_WARN_DOCUMENTATION_COMMENTS = YES;
				CLANG_WARN_EMPTY_BODY = YES;
				CLANG_WARN_ENUM_CONVERSION = YES;
				CLANG_WARN_INFINITE_RECURSION = YES;
				CLANG_WARN_INT_CONVERSION = YES;
				CLANG_WARN_NON_LITERAL_NULL_CONVERSION = YES;
				CLANG_WARN_OBJC_IMPLICIT_RETAIN_SELF = YES;
				CLANG_WARN_OBJC_LITERAL_CONVERSION = YES;
				CLANG_WARN_OBJC_ROOT_CLASS = YES_ERROR;
				CLANG_WARN_QUOTED_INCLUDE_IN_FRAMEWORK_HEADER = YES;
				CLANG_WARN_RANGE_LOOP_ANALYSIS = YES;
				CLANG_WARN_STRICT_PROTOTYPES = YES;
				CLANG_WARN_SUSPICIOUS_MOVE = YES;
				CLANG_WARN_UNGUARDED_AVAILABILITY = YES_AGGRESSIVE;
				CLANG_WARN_UNREACHABLE_CODE = YES;
				CLANG_WARN__DUPLICATE_METHOD_MATCH = YES;
				COPY_PHASE_STRIP = NO;
				DEBUG_INFORMATION_FORMAT = dwarf;
				ENABLE_STRICT_OBJC_MSGSEND = YES;
				ENABLE_TESTABILITY = YES;
				GCC_C_LANGUAGE_STANDARD = gnu11;
				GCC_DYNAMIC_NO_PIC = NO;
				GCC_NO_COMMON_BLOCKS = YES;
				GCC_OPTIMIZATION_LEVEL = 0;
				GCC_PREPROCESSOR_DEFINITIONS = (
					"DEBUG=1",
					"$(inherited)",
				);
				GCC_WARN_64_TO_32_BIT_CONVERSION = YES;
				GCC_WARN_ABOUT_RETURN_TYPE = YES_ERROR;
				GCC_WARN_UNDECLARED_SELECTOR = YES;
				GCC_WARN_UNINITIALIZED_AUTOS = YES_AGGRESSIVE;
				GCC_WARN_UNUSED_FUNCTION = YES;
				GCC_WARN_UNUSED_VARIABLE = YES;
				IPHONEOS_DEPLOYMENT_TARGET = 16.0;
				MTL_ENABLE_DEBUG_INFO = INCLUDE_SOURCE;
				MTL_FAST_MATH = YES;
				ONLY_ACTIVE_ARCH = YES;
				SDKROOT = iphoneos;
				SWIFT_ACTIVE_COMPILATION_CONDITIONS = DEBUG;
				SWIFT_OPTIMIZATION_LEVEL = "-Onone";
			};
			name = Debug;
		};
		343B9DAC28D3A07E00956373 /* Release */ = {
			isa = XCBuildConfiguration;
			buildSettings = {
				ALWAYS_SEARCH_USER_PATHS = NO;
				CLANG_ANALYZER_NONNULL = YES;
				CLANG_ANALYZER_NUMBER_OBJECT_CONVERSION = YES_AGGRESSIVE;
				CLANG_CXX_LANGUAGE_STANDARD = "gnu++20";
				CLANG_ENABLE_MODULES = YES;
				CLANG_ENABLE_OBJC_ARC = YES;
				CLANG_ENABLE_OBJC_WEAK = YES;
				CLANG_WARN_BLOCK_CAPTURE_AUTORELEASING = YES;
				CLANG_WARN_BOOL_CONVERSION = YES;
				CLANG_WARN_COMMA = YES;
				CLANG_WARN_CONSTANT_CONVERSION = YES;
				CLANG_WARN_DEPRECATED_OBJC_IMPLEMENTATIONS = YES;
				CLANG_WARN_DIRECT_OBJC_ISA_USAGE = YES_ERROR;
				CLANG_WARN_DOCUMENTATION_COMMENTS = YES;
				CLANG_WARN_EMPTY_BODY = YES;
				CLANG_WARN_ENUM_CONVERSION = YES;
				CLANG_WARN_INFINITE_RECURSION = YES;
				CLANG_WARN_INT_CONVERSION = YES;
				CLANG_WARN_NON_LITERAL_NULL_CONVERSION = YES;
				CLANG_WARN_OBJC_IMPLICIT_RETAIN_SELF = YES;
				CLANG_WARN_OBJC_LITERAL_CONVERSION = YES;
				CLANG_WARN_OBJC_ROOT_CLASS = YES_ERROR;
				CLANG_WARN_QUOTED_INCLUDE_IN_FRAMEWORK_HEADER = YES;
				CLANG_WARN_RANGE_LOOP_ANALYSIS = YES;
				CLANG_WARN_STRICT_PROTOTYPES = YES;
				CLANG_WARN_SUSPICIOUS_MOVE = YES;
				CLANG_WARN_UNGUARDED_AVAILABILITY = YES_AGGRESSIVE;
				CLANG_WARN_UNREACHABLE_CODE = YES;
				CLANG_WARN__DUPLICATE_METHOD_MATCH = YES;
				COPY_PHASE_STRIP = NO;
				DEBUG_INFORMATION_FORMAT = "dwarf-with-dsym";
				ENABLE_NS_ASSERTIONS = NO;
				ENABLE_STRICT_OBJC_MSGSEND = YES;
				GCC_C_LANGUAGE_STANDARD = gnu11;
				GCC_NO_COMMON_BLOCKS = YES;
				GCC_WARN_64_TO_32_BIT_CONVERSION = YES;
				GCC_WARN_ABOUT_RETURN_TYPE = YES_ERROR;
				GCC_WARN_UNDECLARED_SELECTOR = YES;
				GCC_WARN_UNINITIALIZED_AUTOS = YES_AGGRESSIVE;
				GCC_WARN_UNUSED_FUNCTION = YES;
				GCC_WARN_UNUSED_VARIABLE = YES;
				IPHONEOS_DEPLOYMENT_TARGET = 16.0;
				MTL_ENABLE_DEBUG_INFO = NO;
				MTL_FAST_MATH = YES;
				SDKROOT = iphoneos;
				SWIFT_COMPILATION_MODE = wholemodule;
				SWIFT_OPTIMIZATION_LEVEL = "-O";
				VALIDATE_PRODUCT = YES;
			};
			name = Release;
		};
		343B9DAE28D3A07E00956373 /* Debug */ = {
			isa = XCBuildConfiguration;
			baseConfigurationReference = ACF3C392936C47A98CD0C4CA /* Pods-AppBackFront.debug.xcconfig */;
			buildSettings = {
				ASSETCATALOG_COMPILER_APPICON_NAME = AppIcon;
				ASSETCATALOG_COMPILER_GLOBAL_ACCENT_COLOR_NAME = AccentColor;
				CODE_SIGN_STYLE = Automatic;
				CURRENT_PROJECT_VERSION = 1;
				GENERATE_INFOPLIST_FILE = YES;
				INFOPLIST_FILE = AppBackFront/Info.plist;
				INFOPLIST_KEY_UIApplicationSupportsIndirectInputEvents = YES;
				INFOPLIST_KEY_UILaunchStoryboardName = LaunchScreen;
				INFOPLIST_KEY_UIMainStoryboardFile = "";
				INFOPLIST_KEY_UISupportedInterfaceOrientations_iPad = "UIInterfaceOrientationPortrait UIInterfaceOrientationPortraitUpsideDown UIInterfaceOrientationLandscapeLeft UIInterfaceOrientationLandscapeRight";
				INFOPLIST_KEY_UISupportedInterfaceOrientations_iPhone = "UIInterfaceOrientationPortrait UIInterfaceOrientationLandscapeLeft UIInterfaceOrientationLandscapeRight";
				LD_RUNPATH_SEARCH_PATHS = (
					"$(inherited)",
					"@executable_path/Frameworks",
				);
				MARKETING_VERSION = 1.0;
				PRODUCT_BUNDLE_IDENTIFIER = backFront.AppBackFrontCaio;
				PRODUCT_NAME = "$(TARGET_NAME)";
				SUPPORTED_PLATFORMS = "iphoneos iphonesimulator";
				SUPPORTS_MACCATALYST = NO;
				SUPPORTS_MAC_DESIGNED_FOR_IPHONE_IPAD = NO;
				SWIFT_EMIT_LOC_STRINGS = YES;
				SWIFT_VERSION = 5.0;
				TARGETED_DEVICE_FAMILY = 1;
			};
			name = Debug;
		};
		343B9DAF28D3A07E00956373 /* Release */ = {
			isa = XCBuildConfiguration;
			baseConfigurationReference = B8FA7F8B3D833E91C47D040C /* Pods-AppBackFront.release.xcconfig */;
			buildSettings = {
				ASSETCATALOG_COMPILER_APPICON_NAME = AppIcon;
				ASSETCATALOG_COMPILER_GLOBAL_ACCENT_COLOR_NAME = AccentColor;
				CODE_SIGN_STYLE = Automatic;
				CURRENT_PROJECT_VERSION = 1;
				GENERATE_INFOPLIST_FILE = YES;
				INFOPLIST_FILE = AppBackFront/Info.plist;
				INFOPLIST_KEY_UIApplicationSupportsIndirectInputEvents = YES;
				INFOPLIST_KEY_UILaunchStoryboardName = LaunchScreen;
				INFOPLIST_KEY_UIMainStoryboardFile = "";
				INFOPLIST_KEY_UISupportedInterfaceOrientations_iPad = "UIInterfaceOrientationPortrait UIInterfaceOrientationPortraitUpsideDown UIInterfaceOrientationLandscapeLeft UIInterfaceOrientationLandscapeRight";
				INFOPLIST_KEY_UISupportedInterfaceOrientations_iPhone = "UIInterfaceOrientationPortrait UIInterfaceOrientationLandscapeLeft UIInterfaceOrientationLandscapeRight";
				LD_RUNPATH_SEARCH_PATHS = (
					"$(inherited)",
					"@executable_path/Frameworks",
				);
				MARKETING_VERSION = 1.0;
				PRODUCT_BUNDLE_IDENTIFIER = backFront.AppBackFrontCaio;
				PRODUCT_NAME = "$(TARGET_NAME)";
				SUPPORTED_PLATFORMS = "iphoneos iphonesimulator";
				SUPPORTS_MACCATALYST = NO;
				SUPPORTS_MAC_DESIGNED_FOR_IPHONE_IPAD = NO;
				SWIFT_EMIT_LOC_STRINGS = YES;
				SWIFT_VERSION = 5.0;
				TARGETED_DEVICE_FAMILY = 1;
			};
			name = Release;
		};
/* End XCBuildConfiguration section */

/* Begin XCConfigurationList section */
		343B9D9428D3A07C00956373 /* Build configuration list for PBXProject "AppBackFront" */ = {
			isa = XCConfigurationList;
			buildConfigurations = (
				343B9DAB28D3A07E00956373 /* Debug */,
				343B9DAC28D3A07E00956373 /* Release */,
			);
			defaultConfigurationIsVisible = 0;
			defaultConfigurationName = Release;
		};
		343B9DAD28D3A07E00956373 /* Build configuration list for PBXNativeTarget "AppBackFront" */ = {
			isa = XCConfigurationList;
			buildConfigurations = (
				343B9DAE28D3A07E00956373 /* Debug */,
				343B9DAF28D3A07E00956373 /* Release */,
			);
			defaultConfigurationIsVisible = 0;
			defaultConfigurationName = Release;
		};
/* End XCConfigurationList section */

/* Begin XCRemoteSwiftPackageReference section */
		345E1C93293DF35500C36B5B /* XCRemoteSwiftPackageReference "firebase-ios-sdk" */ = {
			isa = XCRemoteSwiftPackageReference;
			repositoryURL = "https://github.com/firebase/firebase-ios-sdk";
			requirement = {
				kind = upToNextMajorVersion;
				minimumVersion = 9.0.0;
			};
		};
/* End XCRemoteSwiftPackageReference section */

/* Begin XCSwiftPackageProductDependency section */
		345E1C94293DF35500C36B5B /* FirebaseAuth */ = {
			isa = XCSwiftPackageProductDependency;
			package = 345E1C93293DF35500C36B5B /* XCRemoteSwiftPackageReference "firebase-ios-sdk" */;
			productName = FirebaseAuth;
		};
		345E1C96293DF35500C36B5B /* FirebaseCrashlytics */ = {
			isa = XCSwiftPackageProductDependency;
			package = 345E1C93293DF35500C36B5B /* XCRemoteSwiftPackageReference "firebase-ios-sdk" */;
			productName = FirebaseCrashlytics;
		};
/* End XCSwiftPackageProductDependency section */
	};
	rootObject = 343B9D9128D3A07C00956373 /* Project object */;
}
